// !$*UTF8*$!
{
	archiveVersion = 1;
	classes = {
	};
	objectVersion = 46;
	objects = {

/* Begin PBXBuildFile section */
		22BEE60D1D864E070067221A /* AppDelegate.swift in Sources */ = {isa = PBXBuildFile; fileRef = 22BEE60C1D864E070067221A /* AppDelegate.swift */; };
		22BEE60F1D864E070067221A /* ViewController.swift in Sources */ = {isa = PBXBuildFile; fileRef = 22BEE60E1D864E070067221A /* ViewController.swift */; };
		22BEE6121D864E070067221A /* Main.storyboard in Resources */ = {isa = PBXBuildFile; fileRef = 22BEE6101D864E070067221A /* Main.storyboard */; };
		22BEE6141D864E070067221A /* Assets.xcassets in Resources */ = {isa = PBXBuildFile; fileRef = 22BEE6131D864E070067221A /* Assets.xcassets */; };
		22BEE6171D864E070067221A /* LaunchScreen.storyboard in Resources */ = {isa = PBXBuildFile; fileRef = 22BEE6151D864E070067221A /* LaunchScreen.storyboard */; };
		22BEE6221D864E070067221A /* Retrofit_SwiftTests.swift in Sources */ = {isa = PBXBuildFile; fileRef = 22BEE6211D864E070067221A /* Retrofit_SwiftTests.swift */; };
		22BEE62D1D864E070067221A /* Retrofit_SwiftUITests.swift in Sources */ = {isa = PBXBuildFile; fileRef = 22BEE62C1D864E070067221A /* Retrofit_SwiftUITests.swift */; };
/* End PBXBuildFile section */

/* Begin PBXContainerItemProxy section */
		22BEE61E1D864E070067221A /* PBXContainerItemProxy */ = {
			isa = PBXContainerItemProxy;
			containerPortal = 22BEE6011D864E070067221A /* Project object */;
			proxyType = 1;
			remoteGlobalIDString = 22BEE6081D864E070067221A;
			remoteInfo = "Retrofit-Swift";
		};
		22BEE6291D864E070067221A /* PBXContainerItemProxy */ = {
			isa = PBXContainerItemProxy;
			containerPortal = 22BEE6011D864E070067221A /* Project object */;
			proxyType = 1;
			remoteGlobalIDString = 22BEE6081D864E070067221A;
			remoteInfo = "Retrofit-Swift";
		};
/* End PBXContainerItemProxy section */

/* Begin PBXFileReference section */
		22BEE6091D864E070067221A /* Retrofit-Swift.app */ = {isa = PBXFileReference; explicitFileType = wrapper.application; includeInIndex = 0; path = "Retrofit-Swift.app"; sourceTree = BUILT_PRODUCTS_DIR; };
		22BEE60C1D864E070067221A /* AppDelegate.swift */ = {isa = PBXFileReference; lastKnownFileType = sourcecode.swift; path = AppDelegate.swift; sourceTree = "<group>"; };
		22BEE60E1D864E070067221A /* ViewController.swift */ = {isa = PBXFileReference; lastKnownFileType = sourcecode.swift; path = ViewController.swift; sourceTree = "<group>"; };
		22BEE6111D864E070067221A /* Base */ = {isa = PBXFileReference; lastKnownFileType = file.storyboard; name = Base; path = Base.lproj/Main.storyboard; sourceTree = "<group>"; };
		22BEE6131D864E070067221A /* Assets.xcassets */ = {isa = PBXFileReference; lastKnownFileType = folder.assetcatalog; path = Assets.xcassets; sourceTree = "<group>"; };
		22BEE6161D864E070067221A /* Base */ = {isa = PBXFileReference; lastKnownFileType = file.storyboard; name = Base; path = Base.lproj/LaunchScreen.storyboard; sourceTree = "<group>"; };
		22BEE6181D864E070067221A /* Info.plist */ = {isa = PBXFileReference; lastKnownFileType = text.plist.xml; path = Info.plist; sourceTree = "<group>"; };
		22BEE61D1D864E070067221A /* Retrofit-SwiftTests.xctest */ = {isa = PBXFileReference; explicitFileType = wrapper.cfbundle; includeInIndex = 0; path = "Retrofit-SwiftTests.xctest"; sourceTree = BUILT_PRODUCTS_DIR; };
		22BEE6211D864E070067221A /* Retrofit_SwiftTests.swift */ = {isa = PBXFileReference; lastKnownFileType = sourcecode.swift; path = Retrofit_SwiftTests.swift; sourceTree = "<group>"; };
		22BEE6231D864E070067221A /* Info.plist */ = {isa = PBXFileReference; lastKnownFileType = text.plist.xml; path = Info.plist; sourceTree = "<group>"; };
		22BEE6281D864E070067221A /* Retrofit-SwiftUITests.xctest */ = {isa = PBXFileReference; explicitFileType = wrapper.cfbundle; includeInIndex = 0; path = "Retrofit-SwiftUITests.xctest"; sourceTree = BUILT_PRODUCTS_DIR; };
		22BEE62C1D864E070067221A /* Retrofit_SwiftUITests.swift */ = {isa = PBXFileReference; lastKnownFileType = sourcecode.swift; path = Retrofit_SwiftUITests.swift; sourceTree = "<group>"; };
		22BEE62E1D864E070067221A /* Info.plist */ = {isa = PBXFileReference; lastKnownFileType = text.plist.xml; path = Info.plist; sourceTree = "<group>"; };
/* End PBXFileReference section */

/* Begin PBXFrameworksBuildPhase section */
		22BEE6061D864E070067221A /* Frameworks */ = {
			isa = PBXFrameworksBuildPhase;
			buildActionMask = 2147483647;
			files = (
			);
			runOnlyForDeploymentPostprocessing = 0;
		};
		22BEE61A1D864E070067221A /* Frameworks */ = {
			isa = PBXFrameworksBuildPhase;
			buildActionMask = 2147483647;
			files = (
			);
			runOnlyForDeploymentPostprocessing = 0;
		};
		22BEE6251D864E070067221A /* Frameworks */ = {
			isa = PBXFrameworksBuildPhase;
			buildActionMask = 2147483647;
			files = (
			);
			runOnlyForDeploymentPostprocessing = 0;
		};
/* End PBXFrameworksBuildPhase section */

/* Begin PBXGroup section */
		22BEE6001D864E070067221A = {
			isa = PBXGroup;
			children = (
				22BEE60B1D864E070067221A /* Retrofit-Swift */,
				22BEE6201D864E070067221A /* Retrofit-SwiftTests */,
				22BEE62B1D864E070067221A /* Retrofit-SwiftUITests */,
				22BEE60A1D864E070067221A /* Products */,
			);
			sourceTree = "<group>";
		};
		22BEE60A1D864E070067221A /* Products */ = {
			isa = PBXGroup;
			children = (
				22BEE6091D864E070067221A /* Retrofit-Swift.app */,
				22BEE61D1D864E070067221A /* Retrofit-SwiftTests.xctest */,
				22BEE6281D864E070067221A /* Retrofit-SwiftUITests.xctest */,
			);
			name = Products;
			sourceTree = "<group>";
		};
		22BEE60B1D864E070067221A /* Retrofit-Swift */ = {
			isa = PBXGroup;
			children = (
				22BEE60C1D864E070067221A /* AppDelegate.swift */,
				22BEE60E1D864E070067221A /* ViewController.swift */,
				22BEE6101D864E070067221A /* Main.storyboard */,
				22BEE6131D864E070067221A /* Assets.xcassets */,
				22BEE6151D864E070067221A /* LaunchScreen.storyboard */,
				22BEE6181D864E070067221A /* Info.plist */,
			);
			path = "Retrofit-Swift";
			sourceTree = "<group>";
		};
		22BEE6201D864E070067221A /* Retrofit-SwiftTests */ = {
			isa = PBXGroup;
			children = (
				22BEE6211D864E070067221A /* Retrofit_SwiftTests.swift */,
				22BEE6231D864E070067221A /* Info.plist */,
			);
			path = "Retrofit-SwiftTests";
			sourceTree = "<group>";
		};
		22BEE62B1D864E070067221A /* Retrofit-SwiftUITests */ = {
			isa = PBXGroup;
			children = (
				22BEE62C1D864E070067221A /* Retrofit_SwiftUITests.swift */,
				22BEE62E1D864E070067221A /* Info.plist */,
			);
			path = "Retrofit-SwiftUITests";
			sourceTree = "<group>";
		};
/* End PBXGroup section */

/* Begin PBXNativeTarget section */
		22BEE6081D864E070067221A /* Retrofit-Swift */ = {
			isa = PBXNativeTarget;
			buildConfigurationList = 22BEE6311D864E070067221A /* Build configuration list for PBXNativeTarget "Retrofit-Swift" */;
			buildPhases = (
				22BEE6051D864E070067221A /* Sources */,
				22BEE6061D864E070067221A /* Frameworks */,
				22BEE6071D864E070067221A /* Resources */,
			);
			buildRules = (
			);
			dependencies = (
			);
			name = "Retrofit-Swift";
			productName = "Retrofit-Swift";
			productReference = 22BEE6091D864E070067221A /* Retrofit-Swift.app */;
			productType = "com.apple.product-type.application";
		};
		22BEE61C1D864E070067221A /* Retrofit-SwiftTests */ = {
			isa = PBXNativeTarget;
			buildConfigurationList = 22BEE6341D864E070067221A /* Build configuration list for PBXNativeTarget "Retrofit-SwiftTests" */;
			buildPhases = (
				22BEE6191D864E070067221A /* Sources */,
				22BEE61A1D864E070067221A /* Frameworks */,
				22BEE61B1D864E070067221A /* Resources */,
			);
			buildRules = (
			);
			dependencies = (
				22BEE61F1D864E070067221A /* PBXTargetDependency */,
			);
			name = "Retrofit-SwiftTests";
			productName = "Retrofit-SwiftTests";
			productReference = 22BEE61D1D864E070067221A /* Retrofit-SwiftTests.xctest */;
			productType = "com.apple.product-type.bundle.unit-test";
		};
		22BEE6271D864E070067221A /* Retrofit-SwiftUITests */ = {
			isa = PBXNativeTarget;
			buildConfigurationList = 22BEE6371D864E070067221A /* Build configuration list for PBXNativeTarget "Retrofit-SwiftUITests" */;
			buildPhases = (
				22BEE6241D864E070067221A /* Sources */,
				22BEE6251D864E070067221A /* Frameworks */,
				22BEE6261D864E070067221A /* Resources */,
			);
			buildRules = (
			);
			dependencies = (
				22BEE62A1D864E070067221A /* PBXTargetDependency */,
			);
			name = "Retrofit-SwiftUITests";
			productName = "Retrofit-SwiftUITests";
			productReference = 22BEE6281D864E070067221A /* Retrofit-SwiftUITests.xctest */;
			productType = "com.apple.product-type.bundle.ui-testing";
		};
/* End PBXNativeTarget section */

/* Begin PBXProject section */
		22BEE6011D864E070067221A /* Project object */ = {
			isa = PBXProject;
			attributes = {
				LastSwiftUpdateCheck = 0730;
				LastUpgradeCheck = 0730;
				ORGANIZATIONNAME = "叶云";
				TargetAttributes = {
					22BEE6081D864E070067221A = {
						CreatedOnToolsVersion = 7.3.1;
						DevelopmentTeam = LDGWU487NP;
					};
					22BEE61C1D864E070067221A = {
						CreatedOnToolsVersion = 7.3.1;
						DevelopmentTeam = LDGWU487NP;
						TestTargetID = 22BEE6081D864E070067221A;
					};
					22BEE6271D864E070067221A = {
						CreatedOnToolsVersion = 7.3.1;
						DevelopmentTeam = LDGWU487NP;
						TestTargetID = 22BEE6081D864E070067221A;
					};
				};
			};
			buildConfigurationList = 22BEE6041D864E070067221A /* Build configuration list for PBXProject "Retrofit-Swift" */;
			compatibilityVersion = "Xcode 3.2";
			developmentRegion = English;
			hasScannedForEncodings = 0;
			knownRegions = (
				en,
				Base,
			);
			mainGroup = 22BEE6001D864E070067221A;
			productRefGroup = 22BEE60A1D864E070067221A /* Products */;
			projectDirPath = "";
			projectRoot = "";
			targets = (
				22BEE6081D864E070067221A /* Retrofit-Swift */,
				22BEE61C1D864E070067221A /* Retrofit-SwiftTests */,
				22BEE6271D864E070067221A /* Retrofit-SwiftUITests */,
			);
		};
/* End PBXProject section */

/* Begin PBXResourcesBuildPhase section */
		22BEE6071D864E070067221A /* Resources */ = {
			isa = PBXResourcesBuildPhase;
			buildActionMask = 2147483647;
			files = (
				22BEE6171D864E070067221A /* LaunchScreen.storyboard in Resources */,
				22BEE6141D864E070067221A /* Assets.xcassets in Resources */,
				22BEE6121D864E070067221A /* Main.storyboard in Resources */,
			);
			runOnlyForDeploymentPostprocessing = 0;
		};
		22BEE61B1D864E070067221A /* Resources */ = {
			isa = PBXResourcesBuildPhase;
			buildActionMask = 2147483647;
			files = (
			);
			runOnlyForDeploymentPostprocessing = 0;
		};
		22BEE6261D864E070067221A /* Resources */ = {
			isa = PBXResourcesBuildPhase;
			buildActionMask = 2147483647;
			files = (
			);
			runOnlyForDeploymentPostprocessing = 0;
		};
/* End PBXResourcesBuildPhase section */

/* Begin PBXSourcesBuildPhase section */
		22BEE6051D864E070067221A /* Sources */ = {
			isa = PBXSourcesBuildPhase;
			buildActionMask = 2147483647;
			files = (
				22BEE60F1D864E070067221A /* ViewController.swift in Sources */,
				22BEE60D1D864E070067221A /* AppDelegate.swift in Sources */,
			);
			runOnlyForDeploymentPostprocessing = 0;
		};
		22BEE6191D864E070067221A /* Sources */ = {
			isa = PBXSourcesBuildPhase;
			buildActionMask = 2147483647;
			files = (
				22BEE6221D864E070067221A /* Retrofit_SwiftTests.swift in Sources */,
			);
			runOnlyForDeploymentPostprocessing = 0;
		};
		22BEE6241D864E070067221A /* Sources */ = {
			isa = PBXSourcesBuildPhase;
			buildActionMask = 2147483647;
			files = (
				22BEE62D1D864E070067221A /* Retrofit_SwiftUITests.swift in Sources */,
			);
			runOnlyForDeploymentPostprocessing = 0;
		};
/* End PBXSourcesBuildPhase section */

/* Begin PBXTargetDependency section */
		22BEE61F1D864E070067221A /* PBXTargetDependency */ = {
			isa = PBXTargetDependency;
			target = 22BEE6081D864E070067221A /* Retrofit-Swift */;
			targetProxy = 22BEE61E1D864E070067221A /* PBXContainerItemProxy */;
		};
		22BEE62A1D864E070067221A /* PBXTargetDependency */ = {
			isa = PBXTargetDependency;
			target = 22BEE6081D864E070067221A /* Retrofit-Swift */;
			targetProxy = 22BEE6291D864E070067221A /* PBXContainerItemProxy */;
		};
/* End PBXTargetDependency section */

/* Begin PBXVariantGroup section */
		22BEE6101D864E070067221A /* Main.storyboard */ = {
			isa = PBXVariantGroup;
			children = (
				22BEE6111D864E070067221A /* Base */,
			);
			name = Main.storyboard;
			sourceTree = "<group>";
		};
		22BEE6151D864E070067221A /* LaunchScreen.storyboard */ = {
			isa = PBXVariantGroup;
			children = (
				22BEE6161D864E070067221A /* Base */,
			);
			name = LaunchScreen.storyboard;
			sourceTree = "<group>";
		};
/* End PBXVariantGroup section */

/* Begin XCBuildConfiguration section */
		22BEE62F1D864E070067221A /* Debug */ = {
			isa = XCBuildConfiguration;
			buildSettings = {
				ALWAYS_SEARCH_USER_PATHS = NO;
				CLANG_ANALYZER_NONNULL = YES;
				CLANG_CXX_LANGUAGE_STANDARD = "gnu++0x";
				CLANG_CXX_LIBRARY = "libc++";
				CLANG_ENABLE_MODULES = YES;
				CLANG_ENABLE_OBJC_ARC = YES;
				CLANG_WARN_BOOL_CONVERSION = YES;
				CLANG_WARN_CONSTANT_CONVERSION = YES;
				CLANG_WARN_DIRECT_OBJC_ISA_USAGE = YES_ERROR;
				CLANG_WARN_EMPTY_BODY = YES;
				CLANG_WARN_ENUM_CONVERSION = YES;
				CLANG_WARN_INT_CONVERSION = YES;
				CLANG_WARN_OBJC_ROOT_CLASS = YES_ERROR;
				CLANG_WARN_UNREACHABLE_CODE = YES;
				CLANG_WARN__DUPLICATE_METHOD_MATCH = YES;
				"CODE_SIGN_IDENTITY[sdk=iphoneos*]" = "iPhone Developer";
				COPY_PHASE_STRIP = NO;
				DEBUG_INFORMATION_FORMAT = dwarf;
				ENABLE_STRICT_OBJC_MSGSEND = YES;
				ENABLE_TESTABILITY = YES;
				GCC_C_LANGUAGE_STANDARD = gnu99;
				GCC_DYNAMIC_NO_PIC = NO;
				GCC_NO_COMMON_BLOCKS = YES;
				GCC_OPTIMIZATION_LEVEL = 0;
				GCC_PREPROCESSOR_DEFINITIONS = (
					"DEBUG=1",
					"$(inherited)",
				);
				GCC_WARN_64_TO_32_BIT_CONVERSION = YES;
				GCC_WARN_ABOUT_RETURN_TYPE = YES_ERROR;
				GCC_WARN_UNDECLARED_SELECTOR = YES;
				GCC_WARN_UNINITIALIZED_AUTOS = YES_AGGRESSIVE;
				GCC_WARN_UNUSED_FUNCTION = YES;
				GCC_WARN_UNUSED_VARIABLE = YES;
				IPHONEOS_DEPLOYMENT_TARGET = 9.3;
				MTL_ENABLE_DEBUG_INFO = YES;
				ONLY_ACTIVE_ARCH = YES;
				SDKROOT = iphoneos;
				SWIFT_OPTIMIZATION_LEVEL = "-Onone";
			};
			name = Debug;
		};
		22BEE6301D864E070067221A /* Release */ = {
			isa = XCBuildConfiguration;
			buildSettings = {
				ALWAYS_SEARCH_USER_PATHS = NO;
				CLANG_ANALYZER_NONNULL = YES;
				CLANG_CXX_LANGUAGE_STANDARD = "gnu++0x";
				CLANG_CXX_LIBRARY = "libc++";
				CLANG_ENABLE_MODULES = YES;
				CLANG_ENABLE_OBJC_ARC = YES;
				CLANG_WARN_BOOL_CONVERSION = YES;
				CLANG_WARN_CONSTANT_CONVERSION = YES;
				CLANG_WARN_DIRECT_OBJC_ISA_USAGE = YES_ERROR;
				CLANG_WARN_EMPTY_BODY = YES;
				CLANG_WARN_ENUM_CONVERSION = YES;
				CLANG_WARN_INT_CONVERSION = YES;
				CLANG_WARN_OBJC_ROOT_CLASS = YES_ERROR;
				CLANG_WARN_UNREACHABLE_CODE = YES;
				CLANG_WARN__DUPLICATE_METHOD_MATCH = YES;
				"CODE_SIGN_IDENTITY[sdk=iphoneos*]" = "iPhone Developer";
				COPY_PHASE_STRIP = NO;
				DEBUG_INFORMATION_FORMAT = "dwarf-with-dsym";
				ENABLE_NS_ASSERTIONS = NO;
				ENABLE_STRICT_OBJC_MSGSEND = YES;
				GCC_C_LANGUAGE_STANDARD = gnu99;
				GCC_NO_COMMON_BLOCKS = YES;
				GCC_WARN_64_TO_32_BIT_CONVERSION = YES;
				GCC_WARN_ABOUT_RETURN_TYPE = YES_ERROR;
				GCC_WARN_UNDECLARED_SELECTOR = YES;
				GCC_WARN_UNINITIALIZED_AUTOS = YES_AGGRESSIVE;
				GCC_WARN_UNUSED_FUNCTION = YES;
				GCC_WARN_UNUSED_VARIABLE = YES;
				IPHONEOS_DEPLOYMENT_TARGET = 9.3;
				MTL_ENABLE_DEBUG_INFO = NO;
				SDKROOT = iphoneos;
				VALIDATE_PRODUCT = YES;
			};
			name = Release;
		};
		22BEE6321D864E070067221A /* Debug */ = {
			isa = XCBuildConfiguration;
			buildSettings = {
				ASSETCATALOG_COMPILER_APPICON_NAME = AppIcon;
				INFOPLIST_FILE = "Retrofit-Swift/Info.plist";
				LD_RUNPATH_SEARCH_PATHS = "$(inherited) @executable_path/Frameworks";
				PRODUCT_BUNDLE_IDENTIFIER = "yunye.Retrofit-Swift";
				PRODUCT_NAME = "$(TARGET_NAME)";
			};
			name = Debug;
		};
		22BEE6331D864E070067221A /* Release */ = {
			isa = XCBuildConfiguration;
			buildSettings = {
				ASSETCATALOG_COMPILER_APPICON_NAME = AppIcon;
				INFOPLIST_FILE = "Retrofit-Swift/Info.plist";
				LD_RUNPATH_SEARCH_PATHS = "$(inherited) @executable_path/Frameworks";
				PRODUCT_BUNDLE_IDENTIFIER = "yunye.Retrofit-Swift";
				PRODUCT_NAME = "$(TARGET_NAME)";
			};
			name = Release;
		};
		22BEE6351D864E070067221A /* Debug */ = {
			isa = XCBuildConfiguration;
			buildSettings = {
				BUNDLE_LOADER = "$(TEST_HOST)";
				INFOPLIST_FILE = "Retrofit-SwiftTests/Info.plist";
				LD_RUNPATH_SEARCH_PATHS = "$(inherited) @executable_path/Frameworks @loader_path/Frameworks";
				PRODUCT_BUNDLE_IDENTIFIER = "yunye.Retrofit-SwiftTests";
				PRODUCT_NAME = "$(TARGET_NAME)";
				TEST_HOST = "$(BUILT_PRODUCTS_DIR)/Retrofit-Swift.app/Retrofit-Swift";
			};
			name = Debug;
		};
		22BEE6361D864E070067221A /* Release */ = {
			isa = XCBuildConfiguration;
			buildSettings = {
				BUNDLE_LOADER = "$(TEST_HOST)";
				INFOPLIST_FILE = "Retrofit-SwiftTests/Info.plist";
				LD_RUNPATH_SEARCH_PATHS = "$(inherited) @executable_path/Frameworks @loader_path/Frameworks";
				PRODUCT_BUNDLE_IDENTIFIER = "yunye.Retrofit-SwiftTests";
				PRODUCT_NAME = "$(TARGET_NAME)";
				TEST_HOST = "$(BUILT_PRODUCTS_DIR)/Retrofit-Swift.app/Retrofit-Swift";
			};
			name = Release;
		};
		22BEE6381D864E070067221A /* Debug */ = {
			isa = XCBuildConfiguration;
			buildSettings = {
				INFOPLIST_FILE = "Retrofit-SwiftUITests/Info.plist";
				LD_RUNPATH_SEARCH_PATHS = "$(inherited) @executable_path/Frameworks @loader_path/Frameworks";
				PRODUCT_BUNDLE_IDENTIFIER = "yunye.Retrofit-SwiftUITests";
				PRODUCT_NAME = "$(TARGET_NAME)";
				TEST_TARGET_NAME = "Retrofit-Swift";
			};
			name = Debug;
		};
		22BEE6391D864E070067221A /* Release */ = {
			isa = XCBuildConfiguration;
			buildSettings = {
				INFOPLIST_FILE = "Retrofit-SwiftUITests/Info.plist";
				LD_RUNPATH_SEARCH_PATHS = "$(inherited) @executable_path/Frameworks @loader_path/Frameworks";
				PRODUCT_BUNDLE_IDENTIFIER = "yunye.Retrofit-SwiftUITests";
				PRODUCT_NAME = "$(TARGET_NAME)";
				TEST_TARGET_NAME = "Retrofit-Swift";
			};
			name = Release;
		};
/* End XCBuildConfiguration section */

/* Begin XCConfigurationList section */
		22BEE6041D864E070067221A /* Build configuration list for PBXProject "Retrofit-Swift" */ = {
			isa = XCConfigurationList;
			buildConfigurations = (
				22BEE62F1D864E070067221A /* Debug */,
				22BEE6301D864E070067221A /* Release */,
			);
			defaultConfigurationIsVisible = 0;
			defaultConfigurationName = Release;
		};
		22BEE6311D864E070067221A /* Build configuration list for PBXNativeTarget "Retrofit-Swift" */ = {
			isa = XCConfigurationList;
			buildConfigurations = (
				22BEE6321D864E070067221A /* Debug */,
				22BEE6331D864E070067221A /* Release */,
			);
			defaultConfigurationIsVisible = 0;
		};
		22BEE6341D864E070067221A /* Build configuration list for PBXNativeTarget "Retrofit-SwiftTests" */ = {
			isa = XCConfigurationList;
			buildConfigurations = (
				22BEE6351D864E070067221A /* Debug */,
				22BEE6361D864E070067221A /* Release */,
			);
			defaultConfigurationIsVisible = 0;
		};
		22BEE6371D864E070067221A /* Build configuration list for PBXNativeTarget "Retrofit-SwiftUITests" */ = {
			isa = XCConfigurationList;
			buildConfigurations = (
				22BEE6381D864E070067221A /* Debug */,
				22BEE6391D864E070067221A /* Release */,
			);
			defaultConfigurationIsVisible = 0;
		};
/* End XCConfigurationList section */
	};
	rootObject = 22BEE6011D864E070067221A /* Project object */;
}
